
Microsoft Visual Studio Solution File, Format Version 12.00
# Visual Studio Version 17
VisualStudioVersion = 17.1.32328.378
MinimumVisualStudioVersion = 10.0.40219.1
Project("{FAE04EC0-301F-11D3-BF4B-00C04F79EFBC}") = "Lab1", "Lab1\Lab1.csproj", "{10150974-E5AB-42D1-8379-856FB288D6E2}"
EndProject
Global
	GlobalSection(SolutionConfigurationPlatforms) = preSolution
		Debug|Any CPU = Debug|Any CPU
		Release|Any CPU = Release|Any CPU
	EndGlobalSection
	GlobalSection(ProjectConfigurationPlatforms) = postSolution
		{10150974-E5AB-42D1-8379-856FB288D6E2}.Debug|Any CPU.ActiveCfg = Debug|Any CPU
		{10150974-E5AB-42D1-8379-856FB288D6E2}.Debug|Any CPU.Build.0 = Debug|Any CPU
		{10150974-E5AB-42D1-8379-856FB288D6E2}.Release|Any CPU.ActiveCfg = Release|Any CPU
		{10150974-E5AB-42D1-8379-856FB288D6E2}.Release|Any CPU.Build.0 = Release|Any CPU
	EndGlobalSection
	GlobalSection(SolutionProperties) = preSolution
		HideSolutionNode = FALSE
	EndGlobalSection
	GlobalSection(ExtensibilityGlobals) = postSolution
		SolutionGuid = {44777CC8-0542-4B31-BB3B-07EF4F06BEFE}
	EndGlobalSection
EndGlobal
